
Microsoft Visual Studio Solution File, Format Version 12.00
# Visual Studio Version 16
VisualStudioVersion = 16.0.29709.97
MinimumVisualStudioVersion = 10.0.40219.1
Project("{9A19103F-16F7-4668-BE54-9A1E7A4F7556}") = "BusinessTournaments", "BusinessTournaments\BusinessTournaments.csproj", "{BC4C1766-92E5-4C05-ACBA-FA633FA4472C}"
EndProject
Project("{00D1A9C2-B5F0-4AF3-8072-F6C62B433612}") = "BusinessTournaments.DB", "BusinessTournaments.DB\BusinessTournaments.DB.sqlproj", "{0E069031-68A4-4EC7-8811-629BE4502A91}"
EndProject
Global
	GlobalSection(SolutionConfigurationPlatforms) = preSolution
		Debug|Any CPU = Debug|Any CPU
		Release|Any CPU = Release|Any CPU
	EndGlobalSection
	GlobalSection(ProjectConfigurationPlatforms) = postSolution
		{BC4C1766-92E5-4C05-ACBA-FA633FA4472C}.Debug|Any CPU.ActiveCfg = Debug|Any CPU
		{BC4C1766-92E5-4C05-ACBA-FA633FA4472C}.Debug|Any CPU.Build.0 = Debug|Any CPU
		{BC4C1766-92E5-4C05-ACBA-FA633FA4472C}.Release|Any CPU.ActiveCfg = Release|Any CPU
		{BC4C1766-92E5-4C05-ACBA-FA633FA4472C}.Release|Any CPU.Build.0 = Release|Any CPU
		{0E069031-68A4-4EC7-8811-629BE4502A91}.Debug|Any CPU.ActiveCfg = Debug|Any CPU
		{0E069031-68A4-4EC7-8811-629BE4502A91}.Debug|Any CPU.Build.0 = Debug|Any CPU
		{0E069031-68A4-4EC7-8811-629BE4502A91}.Debug|Any CPU.Deploy.0 = Debug|Any CPU
		{0E069031-68A4-4EC7-8811-629BE4502A91}.Release|Any CPU.ActiveCfg = Release|Any CPU
		{0E069031-68A4-4EC7-8811-629BE4502A91}.Release|Any CPU.Build.0 = Release|Any CPU
		{0E069031-68A4-4EC7-8811-629BE4502A91}.Release|Any CPU.Deploy.0 = Release|Any CPU
	EndGlobalSection
	GlobalSection(SolutionProperties) = preSolution
		HideSolutionNode = FALSE
	EndGlobalSection
	GlobalSection(ExtensibilityGlobals) = postSolution
		SolutionGuid = {965912A3-265B-4B6C-8BC1-92C173F205FE}
	EndGlobalSection
EndGlobal
