{
  "requires": true,
  "lockfileVersion": 1,
  "dependencies": {
    "core-js": {
      "version": "2.6.11",
      "resolved": "https://registry.npmjs.org/core-js/-/core-js-2.6.11.tgz",
      "integrity": "sha512-5wjnpaT/3dV+XB4borEsnAYQchn00XSgTAWKDkEqv+K8KevjbzmofK6hfJ9TZIlpj2N0xQpazy7PiRQiWHqzWg=="
    },
    "lodash-es": {
      "version": "4.17.15",
      "resolved": "https://registry.npmjs.org/lodash-es/-/lodash-es-4.17.15.tgz",
      "integrity": "sha512-rlrc3yU3+JNOpZ9zj5pQtxnx2THmvRykwL4Xlxoa8I9lHBlVbbyPhgyPMioxVZ4NqyxaVVtaJnzsyOidQIhyyQ=="
    },
    "minibarjs": {
      "version": "0.4.2",
      "resolved": "https://registry.npmjs.org/minibarjs/-/minibarjs-0.4.2.tgz",
      "integrity": "sha512-gYA4QFZpFhpAyKvBcfZ4Jp6x6ELgNYFZ2FHgJhXXDkowEp78pE7erSOGW25oRus8gag1w6kQQ4Ny8RInUEiu/g=="
    },
    "smooth-scrollbar": {
      "version": "8.5.1",
      "resolved": "https://registry.npmjs.org/smooth-scrollbar/-/smooth-scrollbar-8.5.1.tgz",
      "integrity": "sha512-SSL3j6aMq59hCbtwYOnY37qMLAVCBM0MfCuvpaLuhe8a5BuM5GnmBHuGSuxU7zLbF2pOkiyX9SkNBlrrptCHcA==",
      "requires": {
        "core-js": "^2.6.9",
        "lodash-es": "^4.17.15",
        "tslib": "^1.10.0"
      }
    },
    "tslib": {
      "version": "1.10.0",
      "resolved": "https://registry.npmjs.org/tslib/-/tslib-1.10.0.tgz",
      "integrity": "sha512-qOebF53frne81cf0S9B41ByenJ3/IuH8yJKngAX35CmiZySA0khhkovshKK+jGCaMnVomla7gVlIcc3EvKPbTQ=="
    }
  }
}
